<?xml version="1.0" encoding="utf-8"?>
<Project ToolsVersion="4.0" xmlns="http://schemas.microsoft.com/developer/msbuild/2003">
  <ItemGroup>
    <Filter Include="ソース ファイル">
      <UniqueIdentifier>{4FC737F1-C7A5-4376-A066-2A32D752A2FF}</UniqueIdentifier>
      <Extensions>cpp;c;cc;cxx;c++;cppm;ixx;def;odl;idl;hpj;bat;asm;asmx</Extensions>
    </Filter>
    <Filter Include="ヘッダー ファイル">
      <UniqueIdentifier>{93995380-89BD-4b04-88EB-625FBE52EBFB}</UniqueIdentifier>
      <Extensions>h;hh;hpp;hxx;h++;hm;inl;inc;ipp;xsd</Extensions>
    </Filter>
    <Filter Include="リソース ファイル">
      <UniqueIdentifier>{67DA6AB6-F800-4c08-8B7A-83BB121AAD01}</UniqueIdentifier>
      <Extensions>rc;ico;cur;bmp;dlg;rc2;rct;bin;rgs;gif;jpg;jpeg;jpe;resx;tiff;tif;png;wav;mfcribbon-ms</Extensions>
    </Filter>
    <Filter Include="ソース ファイル\Game">
      <UniqueIdentifier>{f08670f6-aa71-4f07-bb1a-346703fb57b0}</UniqueIdentifier>
    </Filter>
    <Filter Include="ソース ファイル\Tag">
      <UniqueIdentifier>{0cfb52cc-341c-44d6-83c6-352e5dea9327}</UniqueIdentifier>
    </Filter>
    <Filter Include="ソース ファイル\Math">
      <UniqueIdentifier>{29841197-bf85-4d6a-9dbd-b447d22d5c36}</UniqueIdentifier>
    </Filter>
    <Filter Include="ソース ファイル\GameObject">
      <UniqueIdentifier>{80221b9e-a911-4600-9d74-d9ca6ba3eea4}</UniqueIdentifier>
    </Filter>
    <Filter Include="ソース ファイル\Component">
      <UniqueIdentifier>{6f151c53-e6db-4069-9e33-9c2f777e972e}</UniqueIdentifier>
    </Filter>
    <Filter Include="ソース ファイル\Collision">
      <UniqueIdentifier>{cd28ce91-8943-4613-96d7-c61443635150}</UniqueIdentifier>
    </Filter>
    <Filter Include="ソース ファイル\Collision\PhysicsWorld">
      <UniqueIdentifier>{759b3a44-5306-4dfe-83e9-3dcf386fe378}</UniqueIdentifier>
    </Filter>
    <Filter Include="ソース ファイル\Renderer">
      <UniqueIdentifier>{d2e38166-5dcc-4e33-8be5-5dc9bd8a6311}</UniqueIdentifier>
    </Filter>
    <Filter Include="ソース ファイル\Renderer\Shader">
      <UniqueIdentifier>{328c44a7-7f87-4142-bff3-344caeb3007d}</UniqueIdentifier>
    </Filter>
    <Filter Include="ソース ファイル\Component\Collider">
      <UniqueIdentifier>{942d7da6-7091-443f-ba41-f9413416814c}</UniqueIdentifier>
    </Filter>
    <Filter Include="ソース ファイル\Sound">
      <UniqueIdentifier>{5631fcc6-b3f5-427d-9f79-e45338f4074d}</UniqueIdentifier>
    </Filter>
    <Filter Include="ソース ファイル\Component\AttachMesh">
      <UniqueIdentifier>{acb62a3b-d64a-4945-82b9-e31196f050ee}</UniqueIdentifier>
    </Filter>
    <Filter Include="ソース ファイル\Renderer\Animation">
      <UniqueIdentifier>{0651c152-9ed9-45f0-982d-521208bc7cb1}</UniqueIdentifier>
    </Filter>
    <Filter Include="ソース ファイル\Collision\AttackObj">
      <UniqueIdentifier>{19b1ec9d-46b6-46f6-85a8-b3bcc5693123}</UniqueIdentifier>
    </Filter>
    <Filter Include="ソース ファイル\Renderer\BitmapText">
      <UniqueIdentifier>{875f3d0d-e4f1-45f7-bc2c-db1f48324b20}</UniqueIdentifier>
    </Filter>
    <Filter Include="ソース ファイル\Renderer\BoneTransform">
      <UniqueIdentifier>{9a010d2c-f27a-4ce4-9235-a3bd632c80ea}</UniqueIdentifier>
    </Filter>
    <Filter Include="ソース ファイル\Collision\BGCollisionSeter">
      <UniqueIdentifier>{5ed7ad27-5aa0-48a6-a23d-b2d090a48ec4}</UniqueIdentifier>
    </Filter>
    <Filter Include="ソース ファイル\Component\CubeMap">
      <UniqueIdentifier>{c9430103-e306-4ac6-91d4-cbaf46e3500b}</UniqueIdentifier>
    </Filter>
    <Filter Include="ソース ファイル\Renderer\DebugGrid">
      <UniqueIdentifier>{a4a53c4e-5bc1-45f6-93e4-365b464d17c4}</UniqueIdentifier>
    </Filter>
    <Filter Include="ソース ファイル\Renderer\DepthMap">
      <UniqueIdentifier>{ab45dbf4-4226-4864-a4eb-3a35e013b16f}</UniqueIdentifier>
    </Filter>
    <Filter Include="ソース ファイル\Component\Effect">
      <UniqueIdentifier>{6ecb09f5-5476-40a3-a2ce-862f64162b68}</UniqueIdentifier>
    </Filter>
    <Filter Include="ソース ファイル\Effekseer">
      <UniqueIdentifier>{1ebc252e-d925-4a67-911d-d725b03af4b8}</UniqueIdentifier>
    </Filter>
    <Filter Include="ソース ファイル\Scene">
      <UniqueIdentifier>{15a8bc33-b59e-4a99-b43c-45390ab58bee}</UniqueIdentifier>
    </Filter>
    <Filter Include="ソース ファイル\Renderer\HDR">
      <UniqueIdentifier>{dc9ecce4-6748-4fdd-a5ae-b8663f9ca16c}</UniqueIdentifier>
    </Filter>
    <Filter Include="ソース ファイル\Input">
      <UniqueIdentifier>{f7c142af-75a9-473e-8ac1-81129d2a482d}</UniqueIdentifier>
    </Filter>
    <Filter Include="ソース ファイル\Component\Mesh">
      <UniqueIdentifier>{3c5d6b21-d757-44e6-b770-02d6815f347b}</UniqueIdentifier>
    </Filter>
    <Filter Include="ソース ファイル\Renderer\Mesh">
      <UniqueIdentifier>{72a21028-9282-4439-9b3e-46517df02ec6}</UniqueIdentifier>
    </Filter>
    <Filter Include="ソース ファイル\Renderer\MatrixPalette">
      <UniqueIdentifier>{f9734294-2332-4541-a823-c34940f6ff5e}</UniqueIdentifier>
    </Filter>
    <Filter Include="ソース ファイル\RapidJsonHelper">
      <UniqueIdentifier>{ecd08a7f-6dfd-4cec-a843-85e57348426c}</UniqueIdentifier>
    </Filter>
    <Filter Include="ソース ファイル\Tag\ShaderTag">
      <UniqueIdentifier>{e83571bc-d333-452f-a6f1-6056592c7569}</UniqueIdentifier>
    </Filter>
    <Filter Include="ソース ファイル\Renderer\Skeleton">
      <UniqueIdentifier>{725bb398-048a-45ec-aadc-b0aea5a8c666}</UniqueIdentifier>
    </Filter>
    <Filter Include="ソース ファイル\Renderer\SkyBox">
      <UniqueIdentifier>{bc2f03ae-5571-4622-b96d-c9dfc6776764}</UniqueIdentifier>
    </Filter>
    <Filter Include="ソース ファイル\Component\Sprite">
      <UniqueIdentifier>{8ec9383d-885b-46f9-8b0a-c622e6d4220d}</UniqueIdentifier>
    </Filter>
    <Filter Include="ソース ファイル\Renderer\Texture">
      <UniqueIdentifier>{e33022e3-3db1-4a74-bbdb-919167d22e19}</UniqueIdentifier>
    </Filter>
    <Filter Include="ソース ファイル\Renderer\VertexArray">
      <UniqueIdentifier>{6c0ba777-fa44-4306-a215-0a9914389ba8}</UniqueIdentifier>
    </Filter>
    <Filter Include="ソース ファイル\Component\SkeletalMesh">
      <UniqueIdentifier>{05adc706-6457-4594-b42f-6880f7753045}</UniqueIdentifier>
    </Filter>
    <Filter Include="ソース ファイル\Collision\Collider">
      <UniqueIdentifier>{5bd2a5c8-dd44-4fc5-99a7-ef1ee5885a74}</UniqueIdentifier>
    </Filter>
    <Filter Include="ソース ファイル\Camera">
      <UniqueIdentifier>{36e1d73b-a612-4255-bc5c-b5875acb8218}</UniqueIdentifier>
    </Filter>
    <Filter Include="ソース ファイル\StageCreator">
      <UniqueIdentifier>{40e7f405-55b4-4f79-87ae-c297075b4908}</UniqueIdentifier>
    </Filter>
    <Filter Include="ソース ファイル\BackGround">
      <UniqueIdentifier>{a7f3c630-913b-4fa4-bd26-5435cb14cf95}</UniqueIdentifier>
    </Filter>
    <Filter Include="ソース ファイル\GameObject\Sword">
      <UniqueIdentifier>{67739587-9c26-4ea4-a4e2-b0f830c89b41}</UniqueIdentifier>
    </Filter>
    <Filter Include="ソース ファイル\GameObject\PlayerObject">
      <UniqueIdentifier>{8499e884-057b-4d8d-9eb2-71e63f28c22c}</UniqueIdentifier>
    </Filter>
    <Filter Include="ソース ファイル\GameObject\PlayerObject\State">
      <UniqueIdentifier>{205ccb1a-53d8-4c28-ab66-4a05855cb9d5}</UniqueIdentifier>
    </Filter>
    <Filter Include="Shader">
      <UniqueIdentifier>{ed90adc1-def3-460f-87ed-21c0ce0c8d74}</UniqueIdentifier>
    </Filter>
    <Filter Include="ソース ファイル\GameObject\EnemyObject">
      <UniqueIdentifier>{8b8dded0-651f-41ed-82d3-f06a8e455cd7}</UniqueIdentifier>
    </Filter>
    <Filter Include="ソース ファイル\GameObject\EnemyObject\State">
      <UniqueIdentifier>{33e4a93b-caa8-4aed-9012-0dfb4a0450d6}</UniqueIdentifier>
    </Filter>
    <Filter Include="ソース ファイル\Renderer\GraphicResourceManager">
      <UniqueIdentifier>{d03c1ead-74e7-43a9-a0a0-fff2b9685abb}</UniqueIdentifier>
    </Filter>
    <Filter Include="ソース ファイル\HUD">
      <UniqueIdentifier>{ded1d911-6719-4bba-9c54-96bcfeb90229}</UniqueIdentifier>
    </Filter>
    <Filter Include="ソース ファイル\Renderer\GBuffer">
      <UniqueIdentifier>{0a55b9ee-ea60-4a75-9d4f-46a86412c2d8}</UniqueIdentifier>
    </Filter>
    <Filter Include="ソース ファイル\Renderer\PointLight">
      <UniqueIdentifier>{621fdbbc-c461-44b4-9e6d-6c5e7ae72d79}</UniqueIdentifier>
    </Filter>
    <Filter Include="ソース ファイル\HUD\PlayerHealthBar">
      <UniqueIdentifier>{94381bd6-bc66-4d2a-aa49-5b5026fabbb1}</UniqueIdentifier>
    </Filter>
  </ItemGroup>
  <ItemGroup>
    <ClCompile Include="main.cpp">
      <Filter>ソース ファイル</Filter>
    </ClCompile>
    <ClCompile Include="Game.cpp">
      <Filter>ソース ファイル\Game</Filter>
    </ClCompile>
    <ClCompile Include="Tag.cpp">
      <Filter>ソース ファイル\Tag</Filter>
    </ClCompile>
    <ClCompile Include="Math.cpp">
      <Filter>ソース ファイル\Math</Filter>
    </ClCompile>
    <ClCompile Include="GameObject.cpp">
      <Filter>ソース ファイル\GameObject</Filter>
    </ClCompile>
    <ClCompile Include="Component.cpp">
      <Filter>ソース ファイル\Component</Filter>
    </ClCompile>
    <ClCompile Include="Collision.cpp">
      <Filter>ソース ファイル\Collision</Filter>
    </ClCompile>
    <ClCompile Include="ColliderComponent.cpp">
      <Filter>ソース ファイル\Component\Collider</Filter>
    </ClCompile>
    <ClCompile Include="PhysicsWorld.cpp">
      <Filter>ソース ファイル\Collision\PhysicsWorld</Filter>
    </ClCompile>
    <ClCompile Include="Shader.cpp">
      <Filter>ソース ファイル\Renderer\Shader</Filter>
    </ClCompile>
    <ClCompile Include="Renderer.cpp">
      <Filter>ソース ファイル\Renderer</Filter>
    </ClCompile>
    <ClCompile Include="Animation.cpp">
      <Filter>ソース ファイル\Renderer\Animation</Filter>
    </ClCompile>
    <ClCompile Include="AudioManager.cpp">
      <Filter>ソース ファイル\Sound</Filter>
    </ClCompile>
    <ClCompile Include="AttachMeshComponent.cpp">
      <Filter>ソース ファイル\Component\AttachMesh</Filter>
    </ClCompile>
    <ClCompile Include="AttackObj.cpp">
      <Filter>ソース ファイル\Collision\AttackObj</Filter>
    </ClCompile>
    <ClCompile Include="BitmapText.cpp">
      <Filter>ソース ファイル\Renderer\BitmapText</Filter>
    </ClCompile>
    <ClCompile Include="BoneTransform.cpp">
      <Filter>ソース ファイル\Renderer\BoneTransform</Filter>
    </ClCompile>
    <ClCompile Include="BGCollisionSetter.cpp">
      <Filter>ソース ファイル\Collision\BGCollisionSeter</Filter>
    </ClCompile>
    <ClCompile Include="CubeMapComponent.cpp">
      <Filter>ソース ファイル\Component\CubeMap</Filter>
    </ClCompile>
    <ClCompile Include="DebugGrid.cpp">
      <Filter>ソース ファイル\Renderer\DebugGrid</Filter>
    </ClCompile>
    <ClCompile Include="DepthMap.cpp">
      <Filter>ソース ファイル\Renderer\DepthMap</Filter>
    </ClCompile>
    <ClCompile Include="EffectComponent.cpp">
      <Filter>ソース ファイル\Component\Effect</Filter>
    </ClCompile>
    <ClCompile Include="EffekseerEffect.cpp">
      <Filter>ソース ファイル\Effekseer</Filter>
    </ClCompile>
    <ClCompile Include="GameClearScene.cpp">
      <Filter>ソース ファイル\Scene</Filter>
    </ClCompile>
    <ClCompile Include="GameOverScene.cpp">
      <Filter>ソース ファイル\Scene</Filter>
    </ClCompile>
    <ClCompile Include="GameScene.cpp">
      <Filter>ソース ファイル\Scene</Filter>
    </ClCompile>
    <ClCompile Include="HDR.cpp">
      <Filter>ソース ファイル\Renderer\HDR</Filter>
    </ClCompile>
    <ClCompile Include="Input.cpp">
      <Filter>ソース ファイル\Input</Filter>
    </ClCompile>
    <ClCompile Include="InputController.cpp">
      <Filter>ソース ファイル\Input</Filter>
    </ClCompile>
    <ClCompile Include="MeshComponent.cpp">
      <Filter>ソース ファイル\Component\Mesh</Filter>
    </ClCompile>
    <ClCompile Include="Mesh.cpp">
      <Filter>ソース ファイル\Renderer\Mesh</Filter>
    </ClCompile>
    <ClCompile Include="Music.cpp">
      <Filter>ソース ファイル\Sound</Filter>
    </ClCompile>
    <ClCompile Include="RapidJsonHelper.cpp">
      <Filter>ソース ファイル\RapidJsonHelper</Filter>
    </ClCompile>
    <ClCompile Include="SkeletalMeshComponent.cpp">
      <Filter>ソース ファイル\Component\SkeletalMesh</Filter>
    </ClCompile>
    <ClCompile Include="Skeleton.cpp">
      <Filter>ソース ファイル\Renderer\Skeleton</Filter>
    </ClCompile>
    <ClCompile Include="SkyBoxObject.cpp">
      <Filter>ソース ファイル\Renderer\SkyBox</Filter>
    </ClCompile>
    <ClCompile Include="Sound.cpp">
      <Filter>ソース ファイル\Sound</Filter>
    </ClCompile>
    <ClCompile Include="SpriteComponent.cpp">
      <Filter>ソース ファイル\Component\Sprite</Filter>
    </ClCompile>
    <ClCompile Include="Texture.cpp">
      <Filter>ソース ファイル\Renderer\Texture</Filter>
    </ClCompile>
    <ClCompile Include="TitleScene.cpp">
      <Filter>ソース ファイル\Scene</Filter>
    </ClCompile>
    <ClCompile Include="VertexArray.cpp">
      <Filter>ソース ファイル\Renderer\VertexArray</Filter>
    </ClCompile>
    <ClCompile Include="BoxCollider.cpp">
      <Filter>ソース ファイル\Collision\Collider</Filter>
    </ClCompile>
    <ClCompile Include="LineCollider.cpp">
      <Filter>ソース ファイル\Collision\Collider</Filter>
    </ClCompile>
    <ClCompile Include="WallCollider.cpp">
      <Filter>ソース ファイル\Collision\Collider</Filter>
    </ClCompile>
    <ClCompile Include="CameraObject.cpp">
      <Filter>ソース ファイル\Camera</Filter>
    </ClCompile>
    <ClCompile Include="ThirdPersonCameraObject.cpp">
      <Filter>ソース ファイル\Camera</Filter>
    </ClCompile>
    <ClCompile Include="StaticBGObject.cpp">
      <Filter>ソース ファイル\BackGround</Filter>
    </ClCompile>
    <ClCompile Include="StageCreator.cpp">
      <Filter>ソース ファイル\StageCreator</Filter>
    </ClCompile>
    <ClCompile Include="PlayerObject.cpp">
      <Filter>ソース ファイル\GameObject\PlayerObject</Filter>
    </ClCompile>
    <ClCompile Include="PlayerStateIdle.cpp">
      <Filter>ソース ファイル\GameObject\PlayerObject\State</Filter>
    </ClCompile>
    <ClCompile Include="PlayerStateRun.cpp">
      <Filter>ソース ファイル\GameObject\PlayerObject\State</Filter>
    </ClCompile>
    <ClCompile Include="SwordObject.cpp">
      <Filter>ソース ファイル\GameObject\Sword</Filter>
    </ClCompile>
    <ClCompile Include="PlayerStateFirstAttack.cpp">
      <Filter>ソース ファイル\GameObject\PlayerObject\State</Filter>
    </ClCompile>
    <ClCompile Include="EnemyStateIdle.cpp">
      <Filter>ソース ファイル\GameObject\EnemyObject\State</Filter>
    </ClCompile>
    <ClCompile Include="EnemyObject.cpp">
      <Filter>ソース ファイル\GameObject\EnemyObject</Filter>
    </ClCompile>
    <ClCompile Include="GraphicResourceManager.cpp">
      <Filter>ソース ファイル\Renderer\GraphicResourceManager</Filter>
    </ClCompile>
    <ClCompile Include="HUD.cpp">
      <Filter>ソース ファイル\HUD</Filter>
    </ClCompile>
    <ClCompile Include="EnemyStateRun.cpp">
      <Filter>ソース ファイル\GameObject\EnemyObject\State</Filter>
    </ClCompile>
    <ClCompile Include="GBuffer.cpp">
      <Filter>ソース ファイル\Renderer\GBuffer</Filter>
    </ClCompile>
    <ClCompile Include="PointLight.cpp">
      <Filter>ソース ファイル\Renderer\PointLight</Filter>
    </ClCompile>
    <ClCompile Include="EnemyStatePatrol.cpp">
      <Filter>ソース ファイル\GameObject\EnemyObject\State</Filter>
    </ClCompile>
    <ClCompile Include="EnemyStateDeath.cpp">
      <Filter>ソース ファイル\GameObject\EnemyObject\State</Filter>
    </ClCompile>
    <ClCompile Include="EnemyStateAttack.cpp">
      <Filter>ソース ファイル\GameObject\EnemyObject\State</Filter>
    </ClCompile>
    <ClCompile Include="EnemyStateAttackHand.cpp">
      <Filter>ソース ファイル\GameObject\EnemyObject\State</Filter>
    </ClCompile>
    <ClCompile Include="EnemyStaeBase.cpp">
      <Filter>ソース ファイル\GameObject\EnemyObject\State</Filter>
    </ClCompile>
    <ClCompile Include="EnemyStateThink.cpp">
      <Filter>ソース ファイル\GameObject\EnemyObject</Filter>
    </ClCompile>
    <ClCompile Include="PlayerHitPointBar.cpp">
      <Filter>ソース ファイル\HUD\PlayerHealthBar</Filter>
    </ClCompile>
  </ItemGroup>
  <ItemGroup>
    <ClInclude Include="Game.h">
      <Filter>ソース ファイル\Game</Filter>
    </ClInclude>
    <ClInclude Include="Tag.h">
      <Filter>ソース ファイル\Tag</Filter>
    </ClInclude>
    <ClInclude Include="Math.h">
      <Filter>ソース ファイル\Math</Filter>
    </ClInclude>
    <ClInclude Include="GameObject.h">
      <Filter>ソース ファイル\GameObject</Filter>
    </ClInclude>
    <ClInclude Include="Component.h">
      <Filter>ソース ファイル\Component</Filter>
    </ClInclude>
    <ClInclude Include="Collision.h">
      <Filter>ソース ファイル\Collision</Filter>
    </ClInclude>
    <ClInclude Include="ColliderComponent.h">
      <Filter>ソース ファイル\Component\Collider</Filter>
    </ClInclude>
    <ClInclude Include="PhysicsWorld.h">
      <Filter>ソース ファイル\Collision\PhysicsWorld</Filter>
    </ClInclude>
    <ClInclude Include="Shader.h">
      <Filter>ソース ファイル\Renderer\Shader</Filter>
    </ClInclude>
    <ClInclude Include="Renderer.h">
      <Filter>ソース ファイル\Renderer</Filter>
    </ClInclude>
    <ClInclude Include="Animation.h">
      <Filter>ソース ファイル\Renderer\Animation</Filter>
    </ClInclude>
    <ClInclude Include="AudioManager.h">
      <Filter>ソース ファイル\Sound</Filter>
    </ClInclude>
    <ClInclude Include="AttachMeshComponent.h">
      <Filter>ソース ファイル\Component\AttachMesh</Filter>
    </ClInclude>
    <ClInclude Include="AttackObj.h">
      <Filter>ソース ファイル\Collision\AttackObj</Filter>
    </ClInclude>
    <ClInclude Include="BitmapText.h">
      <Filter>ソース ファイル\Renderer\BitmapText</Filter>
    </ClInclude>
    <ClInclude Include="BoneTransform.h">
      <Filter>ソース ファイル\Renderer\BoneTransform</Filter>
    </ClInclude>
    <ClInclude Include="BGCollisionSetter.h">
      <Filter>ソース ファイル\Collision\BGCollisionSeter</Filter>
    </ClInclude>
    <ClInclude Include="CubeMapComponent.h">
      <Filter>ソース ファイル\Component\CubeMap</Filter>
    </ClInclude>
    <ClInclude Include="DebugGrid.h">
      <Filter>ソース ファイル\Renderer\DebugGrid</Filter>
    </ClInclude>
    <ClInclude Include="DepthMap.h">
      <Filter>ソース ファイル\Renderer\DepthMap</Filter>
    </ClInclude>
    <ClInclude Include="EffectComponent.h">
      <Filter>ソース ファイル\Component\Effect</Filter>
    </ClInclude>
    <ClInclude Include="EffekseerEffect.h">
      <Filter>ソース ファイル\Effekseer</Filter>
    </ClInclude>
    <ClInclude Include="GameClearScene.h">
      <Filter>ソース ファイル\Scene</Filter>
    </ClInclude>
    <ClInclude Include="GameOverScene.h">
      <Filter>ソース ファイル\Scene</Filter>
    </ClInclude>
    <ClInclude Include="GameScene.h">
      <Filter>ソース ファイル\Scene</Filter>
    </ClInclude>
    <ClInclude Include="HDR.h">
      <Filter>ソース ファイル\Renderer\HDR</Filter>
    </ClInclude>
    <ClInclude Include="InputController.h">
      <Filter>ソース ファイル\Input</Filter>
    </ClInclude>
    <ClInclude Include="Input.h">
      <Filter>ソース ファイル\Input</Filter>
    </ClInclude>
    <ClInclude Include="MeshComponent.h">
      <Filter>ソース ファイル\Component\Mesh</Filter>
    </ClInclude>
    <ClInclude Include="Mesh.h">
      <Filter>ソース ファイル\Renderer\Mesh</Filter>
    </ClInclude>
    <ClInclude Include="MatrixPalette.h">
      <Filter>ソース ファイル\Renderer\MatrixPalette</Filter>
    </ClInclude>
    <ClInclude Include="Music.h">
      <Filter>ソース ファイル\Sound</Filter>
    </ClInclude>
    <ClInclude Include="RapidJsonHelper.h">
      <Filter>ソース ファイル\RapidJsonHelper</Filter>
    </ClInclude>
    <ClInclude Include="SceneBase.h">
      <Filter>ソース ファイル\Scene</Filter>
    </ClInclude>
    <ClInclude Include="ShaderTag.h">
      <Filter>ソース ファイル\Tag\ShaderTag</Filter>
    </ClInclude>
    <ClInclude Include="SkeletalMeshComponent.h">
      <Filter>ソース ファイル\Component\SkeletalMesh</Filter>
    </ClInclude>
    <ClInclude Include="Skeleton.h">
      <Filter>ソース ファイル\Renderer\Skeleton</Filter>
    </ClInclude>
    <ClInclude Include="SkyBoxObject.h">
      <Filter>ソース ファイル\Renderer\SkyBox</Filter>
    </ClInclude>
    <ClInclude Include="Sound.h">
      <Filter>ソース ファイル\Sound</Filter>
    </ClInclude>
    <ClInclude Include="SpriteComponent.h">
      <Filter>ソース ファイル\Component\Sprite</Filter>
    </ClInclude>
    <ClInclude Include="Texture.h">
      <Filter>ソース ファイル\Renderer\Texture</Filter>
    </ClInclude>
    <ClInclude Include="TitleScene.h">
      <Filter>ソース ファイル\Scene</Filter>
    </ClInclude>
    <ClInclude Include="VertexArray.h">
      <Filter>ソース ファイル\Renderer\VertexArray</Filter>
    </ClInclude>
    <ClInclude Include="BoxCollider.h">
      <Filter>ソース ファイル\Collision\Collider</Filter>
    </ClInclude>
    <ClInclude Include="LineCollider.h">
      <Filter>ソース ファイル\Collision\Collider</Filter>
    </ClInclude>
    <ClInclude Include="WallCollider.h">
      <Filter>ソース ファイル\Collision\Collider</Filter>
    </ClInclude>
    <ClInclude Include="CameraObject.h">
      <Filter>ソース ファイル\Camera</Filter>
    </ClInclude>
    <ClInclude Include="ThirdPersonCameraObject.h">
      <Filter>ソース ファイル\Camera</Filter>
    </ClInclude>
    <ClInclude Include="StageCreator.h">
      <Filter>ソース ファイル\StageCreator</Filter>
    </ClInclude>
    <ClInclude Include="StaticBGObject.h">
      <Filter>ソース ファイル\BackGround</Filter>
    </ClInclude>
    <ClInclude Include="PlayerObject.h">
      <Filter>ソース ファイル\GameObject\PlayerObject</Filter>
    </ClInclude>
    <ClInclude Include="PlayerStateBase.h">
      <Filter>ソース ファイル\GameObject\PlayerObject\State</Filter>
    </ClInclude>
    <ClInclude Include="PlayerStateIdle.h">
      <Filter>ソース ファイル\GameObject\PlayerObject\State</Filter>
    </ClInclude>
    <ClInclude Include="PlayerStateRun.h">
      <Filter>ソース ファイル\GameObject\PlayerObject\State</Filter>
    </ClInclude>
    <ClInclude Include="SwordObject.h">
      <Filter>ソース ファイル\GameObject\Sword</Filter>
    </ClInclude>
    <ClInclude Include="PlayerStateFirstAttack.h">
      <Filter>ソース ファイル\GameObject\PlayerObject\State</Filter>
    </ClInclude>
    <ClInclude Include="EnemyStaeBase.h">
      <Filter>ソース ファイル\GameObject\EnemyObject\State</Filter>
    </ClInclude>
    <ClInclude Include="EnemyStateIdle.h">
      <Filter>ソース ファイル\GameObject\EnemyObject\State</Filter>
    </ClInclude>
    <ClInclude Include="EnemyObject.h">
      <Filter>ソース ファイル\GameObject\EnemyObject</Filter>
    </ClInclude>
    <ClInclude Include="GraphicResourceManager.h">
      <Filter>ソース ファイル\Renderer\GraphicResourceManager</Filter>
    </ClInclude>
    <ClInclude Include="HUD.h">
      <Filter>ソース ファイル\HUD</Filter>
    </ClInclude>
    <ClInclude Include="EnemyStateRun.h">
      <Filter>ソース ファイル\GameObject\EnemyObject\State</Filter>
    </ClInclude>
    <ClInclude Include="GBuffer.h">
      <Filter>ソース ファイル\Renderer\GBuffer</Filter>
    </ClInclude>
    <ClInclude Include="PointLight.h">
      <Filter>ソース ファイル\Renderer\PointLight</Filter>
    </ClInclude>
    <ClInclude Include="EnemyStatePatrol.h">
      <Filter>ソース ファイル\GameObject\EnemyObject\State</Filter>
    </ClInclude>
    <ClInclude Include="EnemyStateDeath.h">
      <Filter>ソース ファイル\GameObject\EnemyObject\State</Filter>
    </ClInclude>
    <ClInclude Include="EnemyStateAttack.h">
      <Filter>ソース ファイル\GameObject\EnemyObject\State</Filter>
    </ClInclude>
    <ClInclude Include="EnemyStateAttackHand.h">
      <Filter>ソース ファイル\GameObject\EnemyObject\State</Filter>
    </ClInclude>
    <ClInclude Include="EnemyStateThink.h">
      <Filter>ソース ファイル\GameObject\EnemyObject</Filter>
    </ClInclude>
    <ClInclude Include="PlayerHitPointBar.h">
      <Filter>ソース ファイル\HUD\PlayerHealthBar</Filter>
    </ClInclude>
  </ItemGroup>
  <ItemGroup>
    <None Include="Shaders\BasicMesh.frag">
      <Filter>Shader</Filter>
    </None>
    <None Include="Shaders\BasicMesh.vert">
      <Filter>Shader</Filter>
    </None>
    <None Include="Shaders\DebugDepthMap.frag">
      <Filter>Shader</Filter>
    </None>
    <None Include="Shaders\DebugDepthMap.vert">
      <Filter>Shader</Filter>
    </None>
    <None Include="Shaders\DepthMap.frag">
      <Filter>Shader</Filter>
    </None>
    <None Include="Shaders\DepthMap.vert">
      <Filter>Shader</Filter>
    </None>
    <None Include="Shaders\DownSampling.frag">
      <Filter>Shader</Filter>
    </None>
    <None Include="Shaders\GaussBlur.frag">
      <Filter>Shader</Filter>
    </None>
    <None Include="Shaders\HDR.frag">
      <Filter>Shader</Filter>
    </None>
    <None Include="Shaders\HDRBloomBlend.frag">
      <Filter>Shader</Filter>
    </None>
    <None Include="Shaders\Line.frag">
      <Filter>Shader</Filter>
    </None>
    <None Include="Shaders\Line.vert">
      <Filter>Shader</Filter>
    </None>
    <None Include="Shaders\LineWorld.vert">
      <Filter>Shader</Filter>
    </None>
    <None Include="Shaders\Normal.frag">
      <Filter>Shader</Filter>
    </None>
    <None Include="Shaders\Normal.vert">
      <Filter>Shader</Filter>
    </None>
    <None Include="Shaders\Phong.frag">
      <Filter>Shader</Filter>
    </None>
    <None Include="Shaders\Phong.vert">
      <Filter>Shader</Filter>
    </None>
    <None Include="Shaders\ScreenBuffer.frag">
      <Filter>Shader</Filter>
    </None>
    <None Include="Shaders\ScreenBuffer.vert">
      <Filter>Shader</Filter>
    </None>
    <None Include="Shaders\Shadowmap.frag">
      <Filter>Shader</Filter>
    </None>
    <None Include="Shaders\Shadowmap.vert">
      <Filter>Shader</Filter>
    </None>
    <None Include="Shaders\Skinned.vert">
      <Filter>Shader</Filter>
    </None>
    <None Include="Shaders\SkinnedDepthMap.vert">
      <Filter>Shader</Filter>
    </None>
    <None Include="Shaders\SkinnedShadowmap.vert">
      <Filter>Shader</Filter>
    </None>
    <None Include="Shaders\SkyBox.frag">
      <Filter>Shader</Filter>
    </None>
    <None Include="Shaders\SkyBox.vert">
      <Filter>Shader</Filter>
    </None>
    <None Include="Shaders\HighLightMesh.frag">
      <Filter>Shader</Filter>
    </None>
    <None Include="Shaders\HighLightMesh.vert">
      <Filter>Shader</Filter>
    </None>
    <None Include="Shaders\Sprite.frag">
      <Filter>Shader</Filter>
    </None>
    <None Include="Shaders\Sprite.vert">
      <Filter>Shader</Filter>
    </None>
    <None Include="Shaders\tilemap.frag">
      <Filter>Shader</Filter>
    </None>
    <None Include="Shaders\DirectionalLight.frag">
      <Filter>Shader</Filter>
    </None>
    <None Include="Shaders\DirectionalLight.vert">
      <Filter>Shader</Filter>
    </None>
    <None Include="Shaders\gBuffer.frag">
      <Filter>Shader</Filter>
    </None>
    <None Include="Shaders\gBuffer.vert">
      <Filter>Shader</Filter>
    </None>
    <None Include="Shaders\gBufferLightingPass.frag">
      <Filter>Shader</Filter>
    </None>
    <None Include="Shaders\gBufferLightingPass.vert">
      <Filter>Shader</Filter>
    </None>
    <None Include="Shaders\HighLight.frag">
      <Filter>Shader</Filter>
    </None>
    <None Include="Shaders\LightingSphere.frag">
      <Filter>Shader</Filter>
    </None>
    <None Include="Shaders\LightingSphere.vert">
      <Filter>Shader</Filter>
    </None>
    <None Include="Shaders\PointLight.frag">
      <Filter>Shader</Filter>
    </None>
    <None Include="Shaders\PointLight.vert">
      <Filter>Shader</Filter>
    </None>
    <None Include="Shaders\SkinnedG-Buffer.vert">
      <Filter>Shader</Filter>
    </None>
  </ItemGroup>
</Project>